
Microsoft Visual Studio Solution File, Format Version 12.00
# Visual Studio Version 16
VisualStudioVersion = 16.0.31613.86
MinimumVisualStudioVersion = 10.0.40219.1
Project("{8BC9CEB8-8B4A-11D0-8D11-00A0C91BC942}") = "SAVE-PROJECT", "SAVE-PROJECT.vcxproj", "{69AB799B-B47A-491B-9004-9B907313123E}"
EndProject
Global
	GlobalSection(SolutionConfigurationPlatforms) = preSolution
		Debug|x64 = Debug|x64
		Debug|x86 = Debug|x86
		Release|x64 = Release|x64
		Release|x86 = Release|x86
	EndGlobalSection
	GlobalSection(ProjectConfigurationPlatforms) = postSolution
		{69AB799B-B47A-491B-9004-9B907313123E}.Debug|x64.ActiveCfg = Debug|x64
		{69AB799B-B47A-491B-9004-9B907313123E}.Debug|x64.Build.0 = Debug|x64
		{69AB799B-B47A-491B-9004-9B907313123E}.Debug|x86.ActiveCfg = Release|Win32
		{69AB799B-B47A-491B-9004-9B907313123E}.Debug|x86.Build.0 = Release|Win32
		{69AB799B-B47A-491B-9004-9B907313123E}.Release|x64.ActiveCfg = Release|x64
		{69AB799B-B47A-491B-9004-9B907313123E}.Release|x64.Build.0 = Release|x64
		{69AB799B-B47A-491B-9004-9B907313123E}.Release|x86.ActiveCfg = Release|Win32
		{69AB799B-B47A-491B-9004-9B907313123E}.Release|x86.Build.0 = Release|Win32
	EndGlobalSection
	GlobalSection(SolutionProperties) = preSolution
		HideSolutionNode = FALSE
	EndGlobalSection
	GlobalSection(ExtensibilityGlobals) = postSolution
		SolutionGuid = {17F52CA2-87F3-4F5E-A0BC-8FB59EC8D439}
	EndGlobalSection
EndGlobal
